// !$*UTF8*$!
{
	archiveVersion = 1;
	classes = {
	};
	objectVersion = 55;
	objects = {

/* Begin PBXBuildFile section */
		4405F5956A1D3652370BF7D4 /* Pods_pacemaker_frontend.framework in Frameworks */ = {isa = PBXBuildFile; fileRef = 10415718E53D4EB7FC9F2691 /* Pods_pacemaker_frontend.framework */; };
		6401BA372719E566007C5B3F /* AppDelegate.swift in Sources */ = {isa = PBXBuildFile; fileRef = 6401BA362719E566007C5B3F /* AppDelegate.swift */; };
		6401BA392719E566007C5B3F /* SceneDelegate.swift in Sources */ = {isa = PBXBuildFile; fileRef = 6401BA382719E566007C5B3F /* SceneDelegate.swift */; };
		6401BA3B2719E566007C5B3F /* ViewController.swift in Sources */ = {isa = PBXBuildFile; fileRef = 6401BA3A2719E566007C5B3F /* ViewController.swift */; };
		6401BA402719E568007C5B3F /* Assets.xcassets in Resources */ = {isa = PBXBuildFile; fileRef = 6401BA3F2719E568007C5B3F /* Assets.xcassets */; };
		6401BA432719E568007C5B3F /* LaunchScreen.storyboard in Resources */ = {isa = PBXBuildFile; fileRef = 6401BA412719E568007C5B3F /* LaunchScreen.storyboard */; };
		6401BA4C271C33DF007C5B3F /* LoginViewController.swift in Sources */ = {isa = PBXBuildFile; fileRef = 6401BA4B271C33DF007C5B3F /* LoginViewController.swift */; };
		6401BA4E271C33F9007C5B3F /* LoginViewReactor.swift in Sources */ = {isa = PBXBuildFile; fileRef = 6401BA4D271C33F9007C5B3F /* LoginViewReactor.swift */; };
		6401BA52271C3E36007C5B3F /* SignupViewController.swift in Sources */ = {isa = PBXBuildFile; fileRef = 6401BA51271C3E36007C5B3F /* SignupViewController.swift */; };
		6401BA552722EBFF007C5B3F /* UserUseCase.swift in Sources */ = {isa = PBXBuildFile; fileRef = 6401BA542722EBFF007C5B3F /* UserUseCase.swift */; };
		6401BA582722EC55007C5B3F /* User.swift in Sources */ = {isa = PBXBuildFile; fileRef = 6401BA572722EC55007C5B3F /* User.swift */; };
		64A6417F272FE9D300C45B51 /* ToastWindow.swift in Sources */ = {isa = PBXBuildFile; fileRef = 64A6417E272FE9D300C45B51 /* ToastWindow.swift */; };
		64A64182272FEB2C00C45B51 /* UIView+Extensions.swift in Sources */ = {isa = PBXBuildFile; fileRef = 64A64181272FEB2C00C45B51 /* UIView+Extensions.swift */; };
		64A64184272FF09000C45B51 /* InputField.swift in Sources */ = {isa = PBXBuildFile; fileRef = 64A64183272FF09000C45B51 /* InputField.swift */; };
		64A6418727391B8600C45B51 /* RunningViewController.swift in Sources */ = {isa = PBXBuildFile; fileRef = 64A6418627391B8600C45B51 /* RunningViewController.swift */; };
		64A641892739278F00C45B51 /* LocationManager.swift in Sources */ = {isa = PBXBuildFile; fileRef = 64A641882739278F00C45B51 /* LocationManager.swift */; };
		64A6418B2739415700C45B51 /* RunningViewReactor.swift in Sources */ = {isa = PBXBuildFile; fileRef = 64A6418A2739415700C45B51 /* RunningViewReactor.swift */; };
		64A6418D27394BDE00C45B51 /* RunningMapViewController.swift in Sources */ = {isa = PBXBuildFile; fileRef = 64A6418C27394BDE00C45B51 /* RunningMapViewController.swift */; };
		64A641972752101400C45B51 /* NotificationManager.swift in Sources */ = {isa = PBXBuildFile; fileRef = 64A641962752101400C45B51 /* NotificationManager.swift */; };
		64A641A02752158D00C45B51 /* start.mp3 in Resources */ = {isa = PBXBuildFile; fileRef = 64A641982752158C00C45B51 /* start.mp3 */; };
		64A641A12752158D00C45B51 /* finish.mp3 in Resources */ = {isa = PBXBuildFile; fileRef = 64A641992752158C00C45B51 /* finish.mp3 */; };
		64A641A22752158D00C45B51 /* done.mp3 in Resources */ = {isa = PBXBuildFile; fileRef = 64A6419A2752158C00C45B51 /* done.mp3 */; };
		64A641A32752158D00C45B51 /* 50.mp3 in Resources */ = {isa = PBXBuildFile; fileRef = 64A6419B2752158D00C45B51 /* 50.mp3 */; };
		64A641A52752158D00C45B51 /* 100.mp3 in Resources */ = {isa = PBXBuildFile; fileRef = 64A6419D2752158D00C45B51 /* 100.mp3 */; };
		64A641A62752158D00C45B51 /* finish_other.mp3 in Resources */ = {isa = PBXBuildFile; fileRef = 64A6419E2752158D00C45B51 /* finish_other.mp3 */; };
		64A641A72752158D00C45B51 /* overtaken.mp3 in Resources */ = {isa = PBXBuildFile; fileRef = 64A6419F2752158D00C45B51 /* overtaken.mp3 */; };
		64A641AA2752168600C45B51 /* overtaking.mp3 in Resources */ = {isa = PBXBuildFile; fileRef = 64A641A92752168600C45B51 /* overtaking.mp3 */; };
		64A641AE2752177D00C45B51 /* first.mp3 in Resources */ = {isa = PBXBuildFile; fileRef = 64A641AD2752177D00C45B51 /* first.mp3 */; };
		64A641B02752340F00C45B51 /* RequestManager.swift in Sources */ = {isa = PBXBuildFile; fileRef = 64A641AF2752340F00C45B51 /* RequestManager.swift */; };
		64A641B22752345500C45B51 /* SessionManager.swift in Sources */ = {isa = PBXBuildFile; fileRef = 64A641B12752345500C45B51 /* SessionManager.swift */; };
		64A641B42752670900C45B51 /* UIColor+Extensions.swift in Sources */ = {isa = PBXBuildFile; fileRef = 64A641B32752670800C45B51 /* UIColor+Extensions.swift */; };
		F838FB43272290CE00526354 /* SignupViewReactor.swift in Sources */ = {isa = PBXBuildFile; fileRef = F838FB42272290CE00526354 /* SignupViewReactor.swift */; };
		F8C88E2E2730402100E8B0A1 /* MatchViewController.swift in Sources */ = {isa = PBXBuildFile; fileRef = F8C88E2D2730402100E8B0A1 /* MatchViewController.swift */; };
		F8C88E302730404E00E8B0A1 /* MatchViewReactor.swift in Sources */ = {isa = PBXBuildFile; fileRef = F8C88E2F2730404E00E8B0A1 /* MatchViewReactor.swift */; };
		F8C88E322730407900E8B0A1 /* MatchUseCase.swift in Sources */ = {isa = PBXBuildFile; fileRef = F8C88E312730407900E8B0A1 /* MatchUseCase.swift */; };
		F8C88E342730408B00E8B0A1 /* MatchEditViewController.swift in Sources */ = {isa = PBXBuildFile; fileRef = F8C88E332730408B00E8B0A1 /* MatchEditViewController.swift */; };
/* End PBXBuildFile section */

/* Begin PBXFileReference section */
		039550654D75E2EFC70D268A /* Pods-pacemaker-frontend.debug.xcconfig */ = {isa = PBXFileReference; includeInIndex = 1; lastKnownFileType = text.xcconfig; name = "Pods-pacemaker-frontend.debug.xcconfig"; path = "Target Support Files/Pods-pacemaker-frontend/Pods-pacemaker-frontend.debug.xcconfig"; sourceTree = "<group>"; };
		10415718E53D4EB7FC9F2691 /* Pods_pacemaker_frontend.framework */ = {isa = PBXFileReference; explicitFileType = wrapper.framework; includeInIndex = 0; path = Pods_pacemaker_frontend.framework; sourceTree = BUILT_PRODUCTS_DIR; };
		6401BA332719E566007C5B3F /* pacemaker-frontend.app */ = {isa = PBXFileReference; explicitFileType = wrapper.application; includeInIndex = 0; path = "pacemaker-frontend.app"; sourceTree = BUILT_PRODUCTS_DIR; };
		6401BA362719E566007C5B3F /* AppDelegate.swift */ = {isa = PBXFileReference; lastKnownFileType = sourcecode.swift; path = AppDelegate.swift; sourceTree = "<group>"; };
		6401BA382719E566007C5B3F /* SceneDelegate.swift */ = {isa = PBXFileReference; lastKnownFileType = sourcecode.swift; path = SceneDelegate.swift; sourceTree = "<group>"; };
		6401BA3A2719E566007C5B3F /* ViewController.swift */ = {isa = PBXFileReference; lastKnownFileType = sourcecode.swift; path = ViewController.swift; sourceTree = "<group>"; };
		6401BA3F2719E568007C5B3F /* Assets.xcassets */ = {isa = PBXFileReference; lastKnownFileType = folder.assetcatalog; path = Assets.xcassets; sourceTree = "<group>"; };
		6401BA422719E568007C5B3F /* Base */ = {isa = PBXFileReference; lastKnownFileType = file.storyboard; name = Base; path = Base.lproj/LaunchScreen.storyboard; sourceTree = "<group>"; };
		6401BA442719E568007C5B3F /* Info.plist */ = {isa = PBXFileReference; lastKnownFileType = text.plist.xml; path = Info.plist; sourceTree = "<group>"; };
		6401BA4B271C33DF007C5B3F /* LoginViewController.swift */ = {isa = PBXFileReference; lastKnownFileType = sourcecode.swift; path = LoginViewController.swift; sourceTree = "<group>"; };
		6401BA4D271C33F9007C5B3F /* LoginViewReactor.swift */ = {isa = PBXFileReference; lastKnownFileType = sourcecode.swift; path = LoginViewReactor.swift; sourceTree = "<group>"; };
		6401BA51271C3E36007C5B3F /* SignupViewController.swift */ = {isa = PBXFileReference; lastKnownFileType = sourcecode.swift; path = SignupViewController.swift; sourceTree = "<group>"; };
		6401BA542722EBFF007C5B3F /* UserUseCase.swift */ = {isa = PBXFileReference; lastKnownFileType = sourcecode.swift; path = UserUseCase.swift; sourceTree = "<group>"; };
		6401BA572722EC55007C5B3F /* User.swift */ = {isa = PBXFileReference; lastKnownFileType = sourcecode.swift; path = User.swift; sourceTree = "<group>"; };
		64A6417E272FE9D300C45B51 /* ToastWindow.swift */ = {isa = PBXFileReference; lastKnownFileType = sourcecode.swift; path = ToastWindow.swift; sourceTree = "<group>"; };
		64A64181272FEB2C00C45B51 /* UIView+Extensions.swift */ = {isa = PBXFileReference; lastKnownFileType = sourcecode.swift; path = "UIView+Extensions.swift"; sourceTree = "<group>"; };
		64A64183272FF09000C45B51 /* InputField.swift */ = {isa = PBXFileReference; lastKnownFileType = sourcecode.swift; path = InputField.swift; sourceTree = "<group>"; };
		64A6418627391B8600C45B51 /* RunningViewController.swift */ = {isa = PBXFileReference; lastKnownFileType = sourcecode.swift; path = RunningViewController.swift; sourceTree = "<group>"; };
		64A641882739278F00C45B51 /* LocationManager.swift */ = {isa = PBXFileReference; lastKnownFileType = sourcecode.swift; path = LocationManager.swift; sourceTree = "<group>"; };
		64A6418A2739415700C45B51 /* RunningViewReactor.swift */ = {isa = PBXFileReference; lastKnownFileType = sourcecode.swift; path = RunningViewReactor.swift; sourceTree = "<group>"; };
		64A6418C27394BDE00C45B51 /* RunningMapViewController.swift */ = {isa = PBXFileReference; lastKnownFileType = sourcecode.swift; path = RunningMapViewController.swift; sourceTree = "<group>"; };
		64A641962752101400C45B51 /* NotificationManager.swift */ = {isa = PBXFileReference; lastKnownFileType = sourcecode.swift; path = NotificationManager.swift; sourceTree = "<group>"; };
		64A641982752158C00C45B51 /* start.mp3 */ = {isa = PBXFileReference; lastKnownFileType = audio.mp3; path = start.mp3; sourceTree = "<group>"; };
		64A641992752158C00C45B51 /* finish.mp3 */ = {isa = PBXFileReference; lastKnownFileType = audio.mp3; path = finish.mp3; sourceTree = "<group>"; };
		64A6419A2752158C00C45B51 /* done.mp3 */ = {isa = PBXFileReference; lastKnownFileType = audio.mp3; path = done.mp3; sourceTree = "<group>"; };
		64A6419B2752158D00C45B51 /* 50.mp3 */ = {isa = PBXFileReference; lastKnownFileType = audio.mp3; path = 50.mp3; sourceTree = "<group>"; };
		64A6419D2752158D00C45B51 /* 100.mp3 */ = {isa = PBXFileReference; lastKnownFileType = audio.mp3; path = 100.mp3; sourceTree = "<group>"; };
		64A6419E2752158D00C45B51 /* finish_other.mp3 */ = {isa = PBXFileReference; lastKnownFileType = audio.mp3; path = finish_other.mp3; sourceTree = "<group>"; };
		64A6419F2752158D00C45B51 /* overtaken.mp3 */ = {isa = PBXFileReference; lastKnownFileType = audio.mp3; path = overtaken.mp3; sourceTree = "<group>"; };
		64A641A92752168600C45B51 /* overtaking.mp3 */ = {isa = PBXFileReference; lastKnownFileType = audio.mp3; path = overtaking.mp3; sourceTree = "<group>"; };
		64A641AD2752177D00C45B51 /* first.mp3 */ = {isa = PBXFileReference; lastKnownFileType = audio.mp3; path = first.mp3; sourceTree = "<group>"; };
		64A641AF2752340F00C45B51 /* RequestManager.swift */ = {isa = PBXFileReference; lastKnownFileType = sourcecode.swift; path = RequestManager.swift; sourceTree = "<group>"; };
		64A641B12752345500C45B51 /* SessionManager.swift */ = {isa = PBXFileReference; lastKnownFileType = sourcecode.swift; path = SessionManager.swift; sourceTree = "<group>"; };
		64A641B32752670800C45B51 /* UIColor+Extensions.swift */ = {isa = PBXFileReference; lastKnownFileType = sourcecode.swift; path = "UIColor+Extensions.swift"; sourceTree = "<group>"; };
		B221CE7C97EA4D6D05894288 /* Pods-pacemaker-frontend.release.xcconfig */ = {isa = PBXFileReference; includeInIndex = 1; lastKnownFileType = text.xcconfig; name = "Pods-pacemaker-frontend.release.xcconfig"; path = "Target Support Files/Pods-pacemaker-frontend/Pods-pacemaker-frontend.release.xcconfig"; sourceTree = "<group>"; };
		F838FB42272290CE00526354 /* SignupViewReactor.swift */ = {isa = PBXFileReference; lastKnownFileType = sourcecode.swift; path = SignupViewReactor.swift; sourceTree = "<group>"; };
		F8C88E2D2730402100E8B0A1 /* MatchViewController.swift */ = {isa = PBXFileReference; lastKnownFileType = sourcecode.swift; path = MatchViewController.swift; sourceTree = "<group>"; };
		F8C88E2F2730404E00E8B0A1 /* MatchViewReactor.swift */ = {isa = PBXFileReference; lastKnownFileType = sourcecode.swift; path = MatchViewReactor.swift; sourceTree = "<group>"; };
		F8C88E312730407900E8B0A1 /* MatchUseCase.swift */ = {isa = PBXFileReference; lastKnownFileType = sourcecode.swift; path = MatchUseCase.swift; sourceTree = "<group>"; };
		F8C88E332730408B00E8B0A1 /* MatchEditViewController.swift */ = {isa = PBXFileReference; lastKnownFileType = sourcecode.swift; path = MatchEditViewController.swift; sourceTree = "<group>"; };
/* End PBXFileReference section */

/* Begin PBXFrameworksBuildPhase section */
		6401BA302719E566007C5B3F /* Frameworks */ = {
			isa = PBXFrameworksBuildPhase;
			buildActionMask = 2147483647;
			files = (
				4405F5956A1D3652370BF7D4 /* Pods_pacemaker_frontend.framework in Frameworks */,
			);
			runOnlyForDeploymentPostprocessing = 0;
		};
/* End PBXFrameworksBuildPhase section */

/* Begin PBXGroup section */
		206DD2C6BCA6303AF9DB2BF3 /* Frameworks */ = {
			isa = PBXGroup;
			children = (
				10415718E53D4EB7FC9F2691 /* Pods_pacemaker_frontend.framework */,
			);
			name = Frameworks;
			sourceTree = "<group>";
		};
		6401BA2A2719E566007C5B3F = {
			isa = PBXGroup;
			children = (
				6401BA352719E566007C5B3F /* pacemaker-frontend */,
				6401BA342719E566007C5B3F /* Products */,
				8A380A06C3C85C6F4FE0BC14 /* Pods */,
				206DD2C6BCA6303AF9DB2BF3 /* Frameworks */,
			);
			sourceTree = "<group>";
		};
		6401BA342719E566007C5B3F /* Products */ = {
			isa = PBXGroup;
			children = (
				6401BA332719E566007C5B3F /* pacemaker-frontend.app */,
			);
			name = Products;
			sourceTree = "<group>";
		};
		6401BA352719E566007C5B3F /* pacemaker-frontend */ = {
			isa = PBXGroup;
			children = (
				64A641A82752159100C45B51 /* Sounds */,
				F8C88E2C2730401000E8B0A1 /* Match */,
				64A6418527391B6C00C45B51 /* Running */,
				64A64180272FEB1C00C45B51 /* Util */,
				64A6417D272FE9BF00C45B51 /* Manager */,
				6401BA562722EC4B007C5B3F /* Model */,
				6401BA532722EBE9007C5B3F /* UseCase */,
				6401BA50271C3E25007C5B3F /* Signup */,
				6401BA4A271C320C007C5B3F /* Login */,
				6401BA362719E566007C5B3F /* AppDelegate.swift */,
				6401BA382719E566007C5B3F /* SceneDelegate.swift */,
				6401BA3A2719E566007C5B3F /* ViewController.swift */,
				6401BA3F2719E568007C5B3F /* Assets.xcassets */,
				6401BA412719E568007C5B3F /* LaunchScreen.storyboard */,
				6401BA442719E568007C5B3F /* Info.plist */,
			);
			path = "pacemaker-frontend";
			sourceTree = "<group>";
		};
		6401BA4A271C320C007C5B3F /* Login */ = {
			isa = PBXGroup;
			children = (
				6401BA4B271C33DF007C5B3F /* LoginViewController.swift */,
				6401BA4D271C33F9007C5B3F /* LoginViewReactor.swift */,
			);
			path = Login;
			sourceTree = "<group>";
		};
		6401BA50271C3E25007C5B3F /* Signup */ = {
			isa = PBXGroup;
			children = (
				6401BA51271C3E36007C5B3F /* SignupViewController.swift */,
				F838FB42272290CE00526354 /* SignupViewReactor.swift */,
			);
			path = Signup;
			sourceTree = "<group>";
		};
		6401BA532722EBE9007C5B3F /* UseCase */ = {
			isa = PBXGroup;
			children = (
				6401BA542722EBFF007C5B3F /* UserUseCase.swift */,
				F8C88E312730407900E8B0A1 /* MatchUseCase.swift */,
			);
			path = UseCase;
			sourceTree = "<group>";
		};
		6401BA562722EC4B007C5B3F /* Model */ = {
			isa = PBXGroup;
			children = (
				6401BA572722EC55007C5B3F /* User.swift */,
			);
			path = Model;
			sourceTree = "<group>";
		};
		64A6417D272FE9BF00C45B51 /* Manager */ = {
			isa = PBXGroup;
			children = (
				64A641882739278F00C45B51 /* LocationManager.swift */,
				64A641962752101400C45B51 /* NotificationManager.swift */,
				64A641AF2752340F00C45B51 /* RequestManager.swift */,
				64A641B12752345500C45B51 /* SessionManager.swift */,
			);
			path = Manager;
			sourceTree = "<group>";
		};
		64A64180272FEB1C00C45B51 /* Util */ = {
			isa = PBXGroup;
			children = (
				64A6417E272FE9D300C45B51 /* ToastWindow.swift */,
				64A64181272FEB2C00C45B51 /* UIView+Extensions.swift */,
				64A64183272FF09000C45B51 /* InputField.swift */,
				64A641B32752670800C45B51 /* UIColor+Extensions.swift */,
			);
			path = Util;
			sourceTree = "<group>";
		};
		64A6418527391B6C00C45B51 /* Running */ = {
			isa = PBXGroup;
			children = (
				64A6418627391B8600C45B51 /* RunningViewController.swift */,
				64A6418A2739415700C45B51 /* RunningViewReactor.swift */,
				64A6418C27394BDE00C45B51 /* RunningMapViewController.swift */,
			);
			path = Running;
			sourceTree = "<group>";
		};
		64A641A82752159100C45B51 /* Sounds */ = {
			isa = PBXGroup;
			children = (
				64A6419B2752158D00C45B51 /* 50.mp3 */,
				64A6419D2752158D00C45B51 /* 100.mp3 */,
				64A6419A2752158C00C45B51 /* done.mp3 */,
				64A6419E2752158D00C45B51 /* finish_other.mp3 */,
				64A641992752158C00C45B51 /* finish.mp3 */,
				64A6419F2752158D00C45B51 /* overtaken.mp3 */,
				64A641982752158C00C45B51 /* start.mp3 */,
				64A641AD2752177D00C45B51 /* first.mp3 */,
				64A641A92752168600C45B51 /* overtaking.mp3 */,
			);
			path = Sounds;
			sourceTree = "<group>";
		};
		8A380A06C3C85C6F4FE0BC14 /* Pods */ = {
			isa = PBXGroup;
			children = (
				039550654D75E2EFC70D268A /* Pods-pacemaker-frontend.debug.xcconfig */,
				B221CE7C97EA4D6D05894288 /* Pods-pacemaker-frontend.release.xcconfig */,
			);
			path = Pods;
			sourceTree = "<group>";
		};
		F8C88E2C2730401000E8B0A1 /* Match */ = {
			isa = PBXGroup;
			children = (
				F8C88E2D2730402100E8B0A1 /* MatchViewController.swift */,
				F8C88E2F2730404E00E8B0A1 /* MatchViewReactor.swift */,
				F8C88E332730408B00E8B0A1 /* MatchEditViewController.swift */,
			);
			path = Match;
			sourceTree = "<group>";
		};
/* End PBXGroup section */

/* Begin PBXNativeTarget section */
		6401BA322719E566007C5B3F /* pacemaker-frontend */ = {
			isa = PBXNativeTarget;
			buildConfigurationList = 6401BA472719E568007C5B3F /* Build configuration list for PBXNativeTarget "pacemaker-frontend" */;
			buildPhases = (
				221BC8C065C1CA70B8D28B7A /* [CP] Check Pods Manifest.lock */,
				6401BA2F2719E566007C5B3F /* Sources */,
				6401BA302719E566007C5B3F /* Frameworks */,
				6401BA312719E566007C5B3F /* Resources */,
				0030660BFA3FE6148009E103 /* [CP] Embed Pods Frameworks */,
			);
			buildRules = (
			);
			dependencies = (
			);
			name = "pacemaker-frontend";
			productName = "pacemaker-frontend";
			productReference = 6401BA332719E566007C5B3F /* pacemaker-frontend.app */;
			productType = "com.apple.product-type.application";
		};
/* End PBXNativeTarget section */

/* Begin PBXProject section */
		6401BA2B2719E566007C5B3F /* Project object */ = {
			isa = PBXProject;
			attributes = {
				BuildIndependentTargetsInParallel = 1;
				LastSwiftUpdateCheck = 1300;
				LastUpgradeCheck = 1300;
				TargetAttributes = {
					6401BA322719E566007C5B3F = {
						CreatedOnToolsVersion = 13.0;
					};
				};
			};
			buildConfigurationList = 6401BA2E2719E566007C5B3F /* Build configuration list for PBXProject "pacemaker-frontend" */;
			compatibilityVersion = "Xcode 13.0";
			developmentRegion = en;
			hasScannedForEncodings = 0;
			knownRegions = (
				en,
				Base,
			);
			mainGroup = 6401BA2A2719E566007C5B3F;
			productRefGroup = 6401BA342719E566007C5B3F /* Products */;
			projectDirPath = "";
			projectRoot = "";
			targets = (
				6401BA322719E566007C5B3F /* pacemaker-frontend */,
			);
		};
/* End PBXProject section */

/* Begin PBXResourcesBuildPhase section */
		6401BA312719E566007C5B3F /* Resources */ = {
			isa = PBXResourcesBuildPhase;
			buildActionMask = 2147483647;
			files = (
				6401BA432719E568007C5B3F /* LaunchScreen.storyboard in Resources */,
				64A641A22752158D00C45B51 /* done.mp3 in Resources */,
				64A641A12752158D00C45B51 /* finish.mp3 in Resources */,
				64A641A32752158D00C45B51 /* 50.mp3 in Resources */,
				64A641A02752158D00C45B51 /* start.mp3 in Resources */,
				6401BA402719E568007C5B3F /* Assets.xcassets in Resources */,
				64A641AE2752177D00C45B51 /* first.mp3 in Resources */,
				64A641A52752158D00C45B51 /* 100.mp3 in Resources */,
				64A641AA2752168600C45B51 /* overtaking.mp3 in Resources */,
				64A641A62752158D00C45B51 /* finish_other.mp3 in Resources */,
				64A641A72752158D00C45B51 /* overtaken.mp3 in Resources */,
			);
			runOnlyForDeploymentPostprocessing = 0;
		};
/* End PBXResourcesBuildPhase section */

/* Begin PBXShellScriptBuildPhase section */
		0030660BFA3FE6148009E103 /* [CP] Embed Pods Frameworks */ = {
			isa = PBXShellScriptBuildPhase;
			buildActionMask = 2147483647;
			files = (
			);
			inputFileListPaths = (
				"${PODS_ROOT}/Target Support Files/Pods-pacemaker-frontend/Pods-pacemaker-frontend-frameworks-${CONFIGURATION}-input-files.xcfilelist",
			);
			name = "[CP] Embed Pods Frameworks";
			outputFileListPaths = (
				"${PODS_ROOT}/Target Support Files/Pods-pacemaker-frontend/Pods-pacemaker-frontend-frameworks-${CONFIGURATION}-output-files.xcfilelist",
			);
			runOnlyForDeploymentPostprocessing = 0;
			shellPath = /bin/sh;
			shellScript = "\"${PODS_ROOT}/Target Support Files/Pods-pacemaker-frontend/Pods-pacemaker-frontend-frameworks.sh\"\n";
			showEnvVarsInLog = 0;
		};
		221BC8C065C1CA70B8D28B7A /* [CP] Check Pods Manifest.lock */ = {
			isa = PBXShellScriptBuildPhase;
			buildActionMask = 2147483647;
			files = (
			);
			inputFileListPaths = (
			);
			inputPaths = (
				"${PODS_PODFILE_DIR_PATH}/Podfile.lock",
				"${PODS_ROOT}/Manifest.lock",
			);
			name = "[CP] Check Pods Manifest.lock";
			outputFileListPaths = (
			);
			outputPaths = (
				"$(DERIVED_FILE_DIR)/Pods-pacemaker-frontend-checkManifestLockResult.txt",
			);
			runOnlyForDeploymentPostprocessing = 0;
			shellPath = /bin/sh;
			shellScript = "diff \"${PODS_PODFILE_DIR_PATH}/Podfile.lock\" \"${PODS_ROOT}/Manifest.lock\" > /dev/null\nif [ $? != 0 ] ; then\n    # print error to STDERR\n    echo \"error: The sandbox is not in sync with the Podfile.lock. Run 'pod install' or update your CocoaPods installation.\" >&2\n    exit 1\nfi\n# This output is used by Xcode 'outputs' to avoid re-running this script phase.\necho \"SUCCESS\" > \"${SCRIPT_OUTPUT_FILE_0}\"\n";
			showEnvVarsInLog = 0;
		};
/* End PBXShellScriptBuildPhase section */

/* Begin PBXSourcesBuildPhase section */
		6401BA2F2719E566007C5B3F /* Sources */ = {
			isa = PBXSourcesBuildPhase;
			buildActionMask = 2147483647;
			files = (
				F838FB43272290CE00526354 /* SignupViewReactor.swift in Sources */,
				64A641B22752345500C45B51 /* SessionManager.swift in Sources */,
				F8C88E2E2730402100E8B0A1 /* MatchViewController.swift in Sources */,
				6401BA52271C3E36007C5B3F /* SignupViewController.swift in Sources */,
				64A641972752101400C45B51 /* NotificationManager.swift in Sources */,
				64A6418D27394BDE00C45B51 /* RunningMapViewController.swift in Sources */,
				64A6418B2739415700C45B51 /* RunningViewReactor.swift in Sources */,
				64A6418727391B8600C45B51 /* RunningViewController.swift in Sources */,
				64A641B02752340F00C45B51 /* RequestManager.swift in Sources */,
				6401BA552722EBFF007C5B3F /* UserUseCase.swift in Sources */,
				64A64184272FF09000C45B51 /* InputField.swift in Sources */,
				64A641B42752670900C45B51 /* UIColor+Extensions.swift in Sources */,
				F8C88E302730404E00E8B0A1 /* MatchViewReactor.swift in Sources */,
				6401BA4C271C33DF007C5B3F /* LoginViewController.swift in Sources */,
				F8C88E322730407900E8B0A1 /* MatchUseCase.swift in Sources */,
				6401BA3B2719E566007C5B3F /* ViewController.swift in Sources */,
				6401BA582722EC55007C5B3F /* User.swift in Sources */,
				F8C88E342730408B00E8B0A1 /* MatchEditViewController.swift in Sources */,
				6401BA4E271C33F9007C5B3F /* LoginViewReactor.swift in Sources */,
				6401BA372719E566007C5B3F /* AppDelegate.swift in Sources */,
				64A641892739278F00C45B51 /* LocationManager.swift in Sources */,
				6401BA392719E566007C5B3F /* SceneDelegate.swift in Sources */,
				64A6417F272FE9D300C45B51 /* ToastWindow.swift in Sources */,
				64A64182272FEB2C00C45B51 /* UIView+Extensions.swift in Sources */,
			);
			runOnlyForDeploymentPostprocessing = 0;
		};
/* End PBXSourcesBuildPhase section */

/* Begin PBXVariantGroup section */
		6401BA412719E568007C5B3F /* LaunchScreen.storyboard */ = {
			isa = PBXVariantGroup;
			children = (
				6401BA422719E568007C5B3F /* Base */,
			);
			name = LaunchScreen.storyboard;
			sourceTree = "<group>";
		};
/* End PBXVariantGroup section */

/* Begin XCBuildConfiguration section */
		6401BA452719E568007C5B3F /* Debug */ = {
			isa = XCBuildConfiguration;
			buildSettings = {
				ALWAYS_SEARCH_USER_PATHS = NO;
				CLANG_ANALYZER_NONNULL = YES;
				CLANG_ANALYZER_NUMBER_OBJECT_CONVERSION = YES_AGGRESSIVE;
				CLANG_CXX_LANGUAGE_STANDARD = "gnu++17";
				CLANG_CXX_LIBRARY = "libc++";
				CLANG_ENABLE_MODULES = YES;
				CLANG_ENABLE_OBJC_ARC = YES;
				CLANG_ENABLE_OBJC_WEAK = YES;
				CLANG_WARN_BLOCK_CAPTURE_AUTORELEASING = YES;
				CLANG_WARN_BOOL_CONVERSION = YES;
				CLANG_WARN_COMMA = YES;
				CLANG_WARN_CONSTANT_CONVERSION = YES;
				CLANG_WARN_DEPRECATED_OBJC_IMPLEMENTATIONS = YES;
				CLANG_WARN_DIRECT_OBJC_ISA_USAGE = YES_ERROR;
				CLANG_WARN_DOCUMENTATION_COMMENTS = YES;
				CLANG_WARN_EMPTY_BODY = YES;
				CLANG_WARN_ENUM_CONVERSION = YES;
				CLANG_WARN_INFINITE_RECURSION = YES;
				CLANG_WARN_INT_CONVERSION = YES;
				CLANG_WARN_NON_LITERAL_NULL_CONVERSION = YES;
				CLANG_WARN_OBJC_IMPLICIT_RETAIN_SELF = YES;
				CLANG_WARN_OBJC_LITERAL_CONVERSION = YES;
				CLANG_WARN_OBJC_ROOT_CLASS = YES_ERROR;
				CLANG_WARN_QUOTED_INCLUDE_IN_FRAMEWORK_HEADER = YES;
				CLANG_WARN_RANGE_LOOP_ANALYSIS = YES;
				CLANG_WARN_STRICT_PROTOTYPES = YES;
				CLANG_WARN_SUSPICIOUS_MOVE = YES;
				CLANG_WARN_UNGUARDED_AVAILABILITY = YES_AGGRESSIVE;
				CLANG_WARN_UNREACHABLE_CODE = YES;
				CLANG_WARN__DUPLICATE_METHOD_MATCH = YES;
				COPY_PHASE_STRIP = NO;
				DEBUG_INFORMATION_FORMAT = dwarf;
				ENABLE_STRICT_OBJC_MSGSEND = YES;
				ENABLE_TESTABILITY = YES;
				GCC_C_LANGUAGE_STANDARD = gnu11;
				GCC_DYNAMIC_NO_PIC = NO;
				GCC_NO_COMMON_BLOCKS = YES;
				GCC_OPTIMIZATION_LEVEL = 0;
				GCC_PREPROCESSOR_DEFINITIONS = (
					"DEBUG=1",
					"$(inherited)",
				);
				GCC_WARN_64_TO_32_BIT_CONVERSION = YES;
				GCC_WARN_ABOUT_RETURN_TYPE = YES_ERROR;
				GCC_WARN_UNDECLARED_SELECTOR = YES;
				GCC_WARN_UNINITIALIZED_AUTOS = YES_AGGRESSIVE;
				GCC_WARN_UNUSED_FUNCTION = YES;
				GCC_WARN_UNUSED_VARIABLE = YES;
				IPHONEOS_DEPLOYMENT_TARGET = 15.0;
				MTL_ENABLE_DEBUG_INFO = INCLUDE_SOURCE;
				MTL_FAST_MATH = YES;
				ONLY_ACTIVE_ARCH = YES;
				SDKROOT = iphoneos;
				SWIFT_ACTIVE_COMPILATION_CONDITIONS = DEBUG;
				SWIFT_OPTIMIZATION_LEVEL = "-Onone";
			};
			name = Debug;
		};
		6401BA462719E568007C5B3F /* Release */ = {
			isa = XCBuildConfiguration;
			buildSettings = {
				ALWAYS_SEARCH_USER_PATHS = NO;
				CLANG_ANALYZER_NONNULL = YES;
				CLANG_ANALYZER_NUMBER_OBJECT_CONVERSION = YES_AGGRESSIVE;
				CLANG_CXX_LANGUAGE_STANDARD = "gnu++17";
				CLANG_CXX_LIBRARY = "libc++";
				CLANG_ENABLE_MODULES = YES;
				CLANG_ENABLE_OBJC_ARC = YES;
				CLANG_ENABLE_OBJC_WEAK = YES;
				CLANG_WARN_BLOCK_CAPTURE_AUTORELEASING = YES;
				CLANG_WARN_BOOL_CONVERSION = YES;
				CLANG_WARN_COMMA = YES;
				CLANG_WARN_CONSTANT_CONVERSION = YES;
				CLANG_WARN_DEPRECATED_OBJC_IMPLEMENTATIONS = YES;
				CLANG_WARN_DIRECT_OBJC_ISA_USAGE = YES_ERROR;
				CLANG_WARN_DOCUMENTATION_COMMENTS = YES;
				CLANG_WARN_EMPTY_BODY = YES;
				CLANG_WARN_ENUM_CONVERSION = YES;
				CLANG_WARN_INFINITE_RECURSION = YES;
				CLANG_WARN_INT_CONVERSION = YES;
				CLANG_WARN_NON_LITERAL_NULL_CONVERSION = YES;
				CLANG_WARN_OBJC_IMPLICIT_RETAIN_SELF = YES;
				CLANG_WARN_OBJC_LITERAL_CONVERSION = YES;
				CLANG_WARN_OBJC_ROOT_CLASS = YES_ERROR;
				CLANG_WARN_QUOTED_INCLUDE_IN_FRAMEWORK_HEADER = YES;
				CLANG_WARN_RANGE_LOOP_ANALYSIS = YES;
				CLANG_WARN_STRICT_PROTOTYPES = YES;
				CLANG_WARN_SUSPICIOUS_MOVE = YES;
				CLANG_WARN_UNGUARDED_AVAILABILITY = YES_AGGRESSIVE;
				CLANG_WARN_UNREACHABLE_CODE = YES;
				CLANG_WARN__DUPLICATE_METHOD_MATCH = YES;
				COPY_PHASE_STRIP = NO;
				DEBUG_INFORMATION_FORMAT = "dwarf-with-dsym";
				ENABLE_NS_ASSERTIONS = NO;
				ENABLE_STRICT_OBJC_MSGSEND = YES;
				GCC_C_LANGUAGE_STANDARD = gnu11;
				GCC_NO_COMMON_BLOCKS = YES;
				GCC_WARN_64_TO_32_BIT_CONVERSION = YES;
				GCC_WARN_ABOUT_RETURN_TYPE = YES_ERROR;
				GCC_WARN_UNDECLARED_SELECTOR = YES;
				GCC_WARN_UNINITIALIZED_AUTOS = YES_AGGRESSIVE;
				GCC_WARN_UNUSED_FUNCTION = YES;
				GCC_WARN_UNUSED_VARIABLE = YES;
				IPHONEOS_DEPLOYMENT_TARGET = 15.0;
				MTL_ENABLE_DEBUG_INFO = NO;
				MTL_FAST_MATH = YES;
				SDKROOT = iphoneos;
				SWIFT_COMPILATION_MODE = wholemodule;
				SWIFT_OPTIMIZATION_LEVEL = "-O";
				VALIDATE_PRODUCT = YES;
			};
			name = Release;
		};
		6401BA482719E568007C5B3F /* Debug */ = {
			isa = XCBuildConfiguration;
			baseConfigurationReference = 039550654D75E2EFC70D268A /* Pods-pacemaker-frontend.debug.xcconfig */;
			buildSettings = {
				ASSETCATALOG_COMPILER_APPICON_NAME = AppIcon;
				ASSETCATALOG_COMPILER_GLOBAL_ACCENT_COLOR_NAME = AccentColor;
				CODE_SIGN_STYLE = Automatic;
				CURRENT_PROJECT_VERSION = 1;
				DEVELOPMENT_TEAM = M4QFZ954AV;
				GENERATE_INFOPLIST_FILE = YES;
				INFOPLIST_FILE = "pacemaker-frontend/Info.plist";
				INFOPLIST_KEY_UIApplicationSupportsIndirectInputEvents = YES;
				INFOPLIST_KEY_UILaunchStoryboardName = LaunchScreen;
				INFOPLIST_KEY_UISupportedInterfaceOrientations_iPad = "UIInterfaceOrientationPortrait UIInterfaceOrientationPortraitUpsideDown UIInterfaceOrientationLandscapeLeft UIInterfaceOrientationLandscapeRight";
				INFOPLIST_KEY_UISupportedInterfaceOrientations_iPhone = "UIInterfaceOrientationPortrait UIInterfaceOrientationLandscapeLeft UIInterfaceOrientationLandscapeRight";
				LD_RUNPATH_SEARCH_PATHS = (
					"$(inherited)",
					"@executable_path/Frameworks",
				);
				MARKETING_VERSION = 1.0;
				PRODUCT_BUNDLE_IDENTIFIER = "ydh.pacemaker-frontend";
				PRODUCT_NAME = "$(TARGET_NAME)";
				SWIFT_EMIT_LOC_STRINGS = YES;
				SWIFT_VERSION = 5.0;
				TARGETED_DEVICE_FAMILY = "1,2";
			};
			name = Debug;
		};
		6401BA492719E568007C5B3F /* Release */ = {
			isa = XCBuildConfiguration;
			baseConfigurationReference = B221CE7C97EA4D6D05894288 /* Pods-pacemaker-frontend.release.xcconfig */;
			buildSettings = {
				ASSETCATALOG_COMPILER_APPICON_NAME = AppIcon;
				ASSETCATALOG_COMPILER_GLOBAL_ACCENT_COLOR_NAME = AccentColor;
				CODE_SIGN_STYLE = Automatic;
				CURRENT_PROJECT_VERSION = 1;
				DEVELOPMENT_TEAM = M4QFZ954AV;
				GENERATE_INFOPLIST_FILE = YES;
				INFOPLIST_FILE = "pacemaker-frontend/Info.plist";
				INFOPLIST_KEY_UIApplicationSupportsIndirectInputEvents = YES;
				INFOPLIST_KEY_UILaunchStoryboardName = LaunchScreen;
				INFOPLIST_KEY_UISupportedInterfaceOrientations_iPad = "UIInterfaceOrientationPortrait UIInterfaceOrientationPortraitUpsideDown UIInterfaceOrientationLandscapeLeft UIInterfaceOrientationLandscapeRight";
				INFOPLIST_KEY_UISupportedInterfaceOrientations_iPhone = "UIInterfaceOrientationPortrait UIInterfaceOrientationLandscapeLeft UIInterfaceOrientationLandscapeRight";
				LD_RUNPATH_SEARCH_PATHS = (
					"$(inherited)",
					"@executable_path/Frameworks",
				);
				MARKETING_VERSION = 1.0;
				PRODUCT_BUNDLE_IDENTIFIER = "ydh.pacemaker-frontend";
				PRODUCT_NAME = "$(TARGET_NAME)";
				SWIFT_EMIT_LOC_STRINGS = YES;
				SWIFT_VERSION = 5.0;
				TARGETED_DEVICE_FAMILY = "1,2";
			};
			name = Release;
		};
/* End XCBuildConfiguration section */

/* Begin XCConfigurationList section */
		6401BA2E2719E566007C5B3F /* Build configuration list for PBXProject "pacemaker-frontend" */ = {
			isa = XCConfigurationList;
			buildConfigurations = (
				6401BA452719E568007C5B3F /* Debug */,
				6401BA462719E568007C5B3F /* Release */,
			);
			defaultConfigurationIsVisible = 0;
			defaultConfigurationName = Release;
		};
		6401BA472719E568007C5B3F /* Build configuration list for PBXNativeTarget "pacemaker-frontend" */ = {
			isa = XCConfigurationList;
			buildConfigurations = (
				6401BA482719E568007C5B3F /* Debug */,
				6401BA492719E568007C5B3F /* Release */,
			);
			defaultConfigurationIsVisible = 0;
			defaultConfigurationName = Release;
		};
/* End XCConfigurationList section */
	};
	rootObject = 6401BA2B2719E566007C5B3F /* Project object */;
}
